
Microsoft Visual Studio Solution File, Format Version 12.00
# Visual Studio Version 17
VisualStudioVersion = 17.3.32901.215
MinimumVisualStudioVersion = 10.0.40219.1
Project("{FAE04EC0-301F-11D3-BF4B-00C04F79EFBC}") = "BaritaDividendsApp", "BaritaDividendsApp.csproj", "{A37C8E9C-9EA6-4986-8289-9BEB067DFEAA}"
EndProject
Global
	GlobalSection(SolutionConfigurationPlatforms) = preSolution
		Debug|Any CPU = Debug|Any CPU
		Release|Any CPU = Release|Any CPU
	EndGlobalSection
	GlobalSection(ProjectConfigurationPlatforms) = postSolution
		{A37C8E9C-9EA6-4986-8289-9BEB067DFEAA}.Debug|Any CPU.ActiveCfg = Debug|Any CPU
		{A37C8E9C-9EA6-4986-8289-9BEB067DFEAA}.Debug|Any CPU.Build.0 = Debug|Any CPU
		{A37C8E9C-9EA6-4986-8289-9BEB067DFEAA}.Release|Any CPU.ActiveCfg = Release|Any CPU
		{A37C8E9C-9EA6-4986-8289-9BEB067DFEAA}.Release|Any CPU.Build.0 = Release|Any CPU
	EndGlobalSection
	GlobalSection(SolutionProperties) = preSolution
		HideSolutionNode = FALSE
	EndGlobalSection
	GlobalSection(ExtensibilityGlobals) = postSolution
		SolutionGuid = {B9F110FF-8E0D-4AA7-98C9-1067EF157300}
	EndGlobalSection
EndGlobal
